{
  "name": "package",
  "version": "1.0.0",
  "lockfileVersion": 2,
  "requires": true,
  "packages": {
    "": {
      "name": "package",
      "version": "1.0.0",
      "license": "ISC",
      "dependencies": {
        "jpg-js": "^0.0.1"
      }
    },
    "node_modules/jpg-js": {
      "version": "0.0.1",
      "resolved": "https://registry.npmjs.org/jpg-js/-/jpg-js-0.0.1.tgz",
      "integrity": "sha512-vPLfjVN35pix/pmoQw/DasG0JzWePC/Jog5n4RPI3aZWEYsGoT+nzjOGZvZf32dGyEnZE8rOskrGhorPVvdgIA=="
    }
  },
  "dependencies": {
    "jpg-js": {
      "version": "0.0.1",
      "resolved": "https://registry.npmjs.org/jpg-js/-/jpg-js-0.0.1.tgz",
      "integrity": "sha512-vPLfjVN35pix/pmoQw/DasG0JzWePC/Jog5n4RPI3aZWEYsGoT+nzjOGZvZf32dGyEnZE8rOskrGhorPVvdgIA=="
    }
  }
}
